// !$*UTF8*$!
{
	archiveVersion = 1;
	classes = {
	};
	objectVersion = 50;
	objects = {

/* Begin PBXBuildFile section */
		454CB171A24EF71993E18BFA /* Pods_SurveyLexTests.framework in Frameworks */ = {isa = PBXBuildFile; fileRef = 39C87D2EF893B02158465308 /* Pods_SurveyLexTests.framework */; };
		574FB97B3F483D76F4B281E5 /* Pods_SurveyLex.framework in Frameworks */ = {isa = PBXBuildFile; fileRef = 578DB5898550851207D6EA80 /* Pods_SurveyLex.framework */; };
		CC31C96B228A1670009C0E44 /* FragmentTableController.swift in Sources */ = {isa = PBXBuildFile; fileRef = CC31C96A228A1670009C0E44 /* FragmentTableController.swift */; };
		CC333BA822854C7400B5D8C9 /* SurveyLex.framework in Frameworks */ = {isa = PBXBuildFile; fileRef = CC333B9E22854C7400B5D8C9 /* SurveyLex.framework */; };
		CC333BAF22854C7400B5D8C9 /* SurveyLex.h in Headers */ = {isa = PBXBuildFile; fileRef = CC333BA122854C7400B5D8C9 /* SurveyLex.h */; settings = {ATTRIBUTES = (Public, ); }; };
		CC333BB922854CCC00B5D8C9 /* SurveyData.swift in Sources */ = {isa = PBXBuildFile; fileRef = CC333BB822854CCC00B5D8C9 /* SurveyData.swift */; };
		CC333BBF22854D6200B5D8C9 /* RadioGroup.swift in Sources */ = {isa = PBXBuildFile; fileRef = CC333BBE22854D6200B5D8C9 /* RadioGroup.swift */; };
		CC333BC122854D6F00B5D8C9 /* Question.swift in Sources */ = {isa = PBXBuildFile; fileRef = CC333BC022854D6F00B5D8C9 /* Question.swift */; };
		CC333BC322854DB900B5D8C9 /* Fragment.swift in Sources */ = {isa = PBXBuildFile; fileRef = CC333BC222854DB900B5D8C9 /* Fragment.swift */; };
		CC333BCA2285505000B5D8C9 /* Text.swift in Sources */ = {isa = PBXBuildFile; fileRef = CC333BC92285505000B5D8C9 /* Text.swift */; };
		CC333BCD2285F34500B5D8C9 /* Rating.swift in Sources */ = {isa = PBXBuildFile; fileRef = CC333BCC2285F34500B5D8C9 /* Rating.swift */; };
		CC333BCF2286020100B5D8C9 /* Consent.swift in Sources */ = {isa = PBXBuildFile; fileRef = CC333BCE2286020100B5D8C9 /* Consent.swift */; };
		CC333BD1228608D000B5D8C9 /* Audio.swift in Sources */ = {isa = PBXBuildFile; fileRef = CC333BD0228608D000B5D8C9 /* Audio.swift */; };
		CC333BE6228615D300B5D8C9 /* SurveyDataTests.swift in Sources */ = {isa = PBXBuildFile; fileRef = CC333BE5228615D300B5D8C9 /* SurveyDataTests.swift */; };
		CC333BEF22864D6000B5D8C9 /* Survey.swift in Sources */ = {isa = PBXBuildFile; fileRef = CC333BEE22864D6000B5D8C9 /* Survey.swift */; };
		CC527EA622BF2164002FC179 /* TextCell.swift in Sources */ = {isa = PBXBuildFile; fileRef = CC527EA522BF2164002FC179 /* TextCell.swift */; };
		CC527EA822BF2231002FC179 /* SurveyElementCell.swift in Sources */ = {isa = PBXBuildFile; fileRef = CC527EA722BF2231002FC179 /* SurveyElementCell.swift */; };
		CC527EAB22BF2A99002FC179 /* ConsentCell.swift in Sources */ = {isa = PBXBuildFile; fileRef = CC527EAA22BF2A99002FC179 /* ConsentCell.swift */; };
		CC527EAD22BFC4CB002FC179 /* RadioGroupCell.swift in Sources */ = {isa = PBXBuildFile; fileRef = CC527EAC22BFC4CB002FC179 /* RadioGroupCell.swift */; };
		CC55C62C228B4B71002BF123 /* RecordingDelegate.swift in Sources */ = {isa = PBXBuildFile; fileRef = CC55C62B228B4B71002BF123 /* RecordingDelegate.swift */; };
		CC55C62E228BD0B0002BF123 /* TextFormatter.swift in Sources */ = {isa = PBXBuildFile; fileRef = CC55C62D228BD0B0002BF123 /* TextFormatter.swift */; };
		CC55C630228BFBB0002BF123 /* Constants.swift in Sources */ = {isa = PBXBuildFile; fileRef = CC55C62F228BFBB0002BF123 /* Constants.swift */; };
		CC55C632228C79D4002BF123 /* MultipleChoice.swift in Sources */ = {isa = PBXBuildFile; fileRef = CC55C631228C79D4002BF123 /* MultipleChoice.swift */; };
		CC588D13228C84B600665D00 /* RadioCircle.swift in Sources */ = {isa = PBXBuildFile; fileRef = CC588D12228C84B600665D00 /* RadioCircle.swift */; };
		CC588D15228CB85C00665D00 /* RatingResponseDelegate.swift in Sources */ = {isa = PBXBuildFile; fileRef = CC588D14228CB85C00665D00 /* RatingResponseDelegate.swift */; };
		CC62604F22BAB78900499DFC /* EditableTextCell.swift in Sources */ = {isa = PBXBuildFile; fileRef = CC62604E22BAB78900499DFC /* EditableTextCell.swift */; };
		CC90E804228A7CC40040F990 /* Recorder.swift in Sources */ = {isa = PBXBuildFile; fileRef = CC90E803228A7CC40040F990 /* Recorder.swift */; };
		CC90E806228A7CC70040F990 /* RecordButton.swift in Sources */ = {isa = PBXBuildFile; fileRef = CC90E805228A7CC70040F990 /* RecordButton.swift */; };
		CCC3812E228E1F24003864A5 /* SurveyResponseDelegate.swift in Sources */ = {isa = PBXBuildFile; fileRef = CCC3812D228E1F24003864A5 /* SurveyResponseDelegate.swift */; };
		CCC38130228E486E003864A5 /* SwiftyJSON.framework in Frameworks */ = {isa = PBXBuildFile; fileRef = CCC3812F228E486E003864A5 /* SwiftyJSON.framework */; };
		CCC38132228E48B2003864A5 /* QuestionElementsTest.swift in Sources */ = {isa = PBXBuildFile; fileRef = CC333BAC22854C7400B5D8C9 /* QuestionElementsTest.swift */; };
		CCC824EC22BBE29B00FFD251 /* MultipleChoiceCell.swift in Sources */ = {isa = PBXBuildFile; fileRef = CCC824EB22BBE29B00FFD251 /* MultipleChoiceCell.swift */; };
		CCC824F022BC080000FFD251 /* RatingSliderCell.swift in Sources */ = {isa = PBXBuildFile; fileRef = CCC824EF22BC080000FFD251 /* RatingSliderCell.swift */; };
		CCE1E68B2286771D0011D142 /* SurveyViewController.swift in Sources */ = {isa = PBXBuildFile; fileRef = CCE1E68A2286771D0011D142 /* SurveyViewController.swift */; };
		CCE1E69222867BB70011D142 /* SurveyNavigationController.swift in Sources */ = {isa = PBXBuildFile; fileRef = CCE1E69122867BB70011D142 /* SurveyNavigationController.swift */; };
		CCFAC9AC228D343500F92CB4 /* AudioResponseCellTableViewCell.swift in Sources */ = {isa = PBXBuildFile; fileRef = CCFAC9AB228D343500F92CB4 /* AudioResponseCellTableViewCell.swift */; };
/* End PBXBuildFile section */

/* Begin PBXContainerItemProxy section */
		CC333BA922854C7400B5D8C9 /* PBXContainerItemProxy */ = {
			isa = PBXContainerItemProxy;
			containerPortal = CC333B9522854C7400B5D8C9 /* Project object */;
			proxyType = 1;
			remoteGlobalIDString = CC333B9D22854C7400B5D8C9;
			remoteInfo = SurveyLex;
		};
/* End PBXContainerItemProxy section */

/* Begin PBXFileReference section */
		38F9876B93254F59554E1694 /* Pods-SurveyLexTests.release.xcconfig */ = {isa = PBXFileReference; includeInIndex = 1; lastKnownFileType = text.xcconfig; name = "Pods-SurveyLexTests.release.xcconfig"; path = "../Pods/Target Support Files/Pods-SurveyLexTests/Pods-SurveyLexTests.release.xcconfig"; sourceTree = "<group>"; };
		39C87D2EF893B02158465308 /* Pods_SurveyLexTests.framework */ = {isa = PBXFileReference; explicitFileType = wrapper.framework; includeInIndex = 0; path = Pods_SurveyLexTests.framework; sourceTree = BUILT_PRODUCTS_DIR; };
		538E653F372C3A5753CBABA5 /* Pods-SurveyLex.debug.xcconfig */ = {isa = PBXFileReference; includeInIndex = 1; lastKnownFileType = text.xcconfig; name = "Pods-SurveyLex.debug.xcconfig"; path = "../Pods/Target Support Files/Pods-SurveyLex/Pods-SurveyLex.debug.xcconfig"; sourceTree = "<group>"; };
		578DB5898550851207D6EA80 /* Pods_SurveyLex.framework */ = {isa = PBXFileReference; explicitFileType = wrapper.framework; includeInIndex = 0; path = Pods_SurveyLex.framework; sourceTree = BUILT_PRODUCTS_DIR; };
		A42C5F253CF2553EF18104D4 /* Pods-SurveyLexTests.debug.xcconfig */ = {isa = PBXFileReference; includeInIndex = 1; lastKnownFileType = text.xcconfig; name = "Pods-SurveyLexTests.debug.xcconfig"; path = "../Pods/Target Support Files/Pods-SurveyLexTests/Pods-SurveyLexTests.debug.xcconfig"; sourceTree = "<group>"; };
		B2FD99A7CC1792DBA5F99176 /* Pods-SurveyLex.release.xcconfig */ = {isa = PBXFileReference; includeInIndex = 1; lastKnownFileType = text.xcconfig; name = "Pods-SurveyLex.release.xcconfig"; path = "../Pods/Target Support Files/Pods-SurveyLex/Pods-SurveyLex.release.xcconfig"; sourceTree = "<group>"; };
		CC31C96A228A1670009C0E44 /* FragmentTableController.swift */ = {isa = PBXFileReference; lastKnownFileType = sourcecode.swift; name = FragmentTableController.swift; path = "../Data Types/FragmentTableController.swift"; sourceTree = "<group>"; };
		CC333B9E22854C7400B5D8C9 /* SurveyLex.framework */ = {isa = PBXFileReference; explicitFileType = wrapper.framework; includeInIndex = 0; path = SurveyLex.framework; sourceTree = BUILT_PRODUCTS_DIR; };
		CC333BA122854C7400B5D8C9 /* SurveyLex.h */ = {isa = PBXFileReference; lastKnownFileType = sourcecode.c.h; path = SurveyLex.h; sourceTree = "<group>"; };
		CC333BA222854C7400B5D8C9 /* Info.plist */ = {isa = PBXFileReference; lastKnownFileType = text.plist.xml; path = Info.plist; sourceTree = "<group>"; };
		CC333BA722854C7400B5D8C9 /* SurveyLexTests.xctest */ = {isa = PBXFileReference; explicitFileType = wrapper.cfbundle; includeInIndex = 0; path = SurveyLexTests.xctest; sourceTree = BUILT_PRODUCTS_DIR; };
		CC333BAC22854C7400B5D8C9 /* QuestionElementsTest.swift */ = {isa = PBXFileReference; lastKnownFileType = sourcecode.swift; path = QuestionElementsTest.swift; sourceTree = "<group>"; };
		CC333BAE22854C7400B5D8C9 /* Info.plist */ = {isa = PBXFileReference; lastKnownFileType = text.plist.xml; path = Info.plist; sourceTree = "<group>"; };
		CC333BB822854CCC00B5D8C9 /* SurveyData.swift */ = {isa = PBXFileReference; lastKnownFileType = sourcecode.swift; path = SurveyData.swift; sourceTree = "<group>"; };
		CC333BBE22854D6200B5D8C9 /* RadioGroup.swift */ = {isa = PBXFileReference; fileEncoding = 4; lastKnownFileType = sourcecode.swift; path = RadioGroup.swift; sourceTree = "<group>"; };
		CC333BC022854D6F00B5D8C9 /* Question.swift */ = {isa = PBXFileReference; fileEncoding = 4; lastKnownFileType = sourcecode.swift; path = Question.swift; sourceTree = "<group>"; };
		CC333BC222854DB900B5D8C9 /* Fragment.swift */ = {isa = PBXFileReference; fileEncoding = 4; lastKnownFileType = sourcecode.swift; path = Fragment.swift; sourceTree = "<group>"; };
		CC333BC92285505000B5D8C9 /* Text.swift */ = {isa = PBXFileReference; lastKnownFileType = sourcecode.swift; path = Text.swift; sourceTree = "<group>"; };
		CC333BCC2285F34500B5D8C9 /* Rating.swift */ = {isa = PBXFileReference; lastKnownFileType = sourcecode.swift; path = Rating.swift; sourceTree = "<group>"; };
		CC333BCE2286020100B5D8C9 /* Consent.swift */ = {isa = PBXFileReference; lastKnownFileType = sourcecode.swift; path = Consent.swift; sourceTree = "<group>"; };
		CC333BD0228608D000B5D8C9 /* Audio.swift */ = {isa = PBXFileReference; lastKnownFileType = sourcecode.swift; path = Audio.swift; sourceTree = "<group>"; };
		CC333BE5228615D300B5D8C9 /* SurveyDataTests.swift */ = {isa = PBXFileReference; lastKnownFileType = sourcecode.swift; path = SurveyDataTests.swift; sourceTree = "<group>"; };
		CC333BEE22864D6000B5D8C9 /* Survey.swift */ = {isa = PBXFileReference; lastKnownFileType = sourcecode.swift; path = Survey.swift; sourceTree = "<group>"; };
		CC527EA522BF2164002FC179 /* TextCell.swift */ = {isa = PBXFileReference; lastKnownFileType = sourcecode.swift; path = TextCell.swift; sourceTree = "<group>"; };
		CC527EA722BF2231002FC179 /* SurveyElementCell.swift */ = {isa = PBXFileReference; lastKnownFileType = sourcecode.swift; path = SurveyElementCell.swift; sourceTree = "<group>"; };
		CC527EAA22BF2A99002FC179 /* ConsentCell.swift */ = {isa = PBXFileReference; lastKnownFileType = sourcecode.swift; path = ConsentCell.swift; sourceTree = "<group>"; };
		CC527EAC22BFC4CB002FC179 /* RadioGroupCell.swift */ = {isa = PBXFileReference; lastKnownFileType = sourcecode.swift; path = RadioGroupCell.swift; sourceTree = "<group>"; };
		CC55C62B228B4B71002BF123 /* RecordingDelegate.swift */ = {isa = PBXFileReference; lastKnownFileType = sourcecode.swift; path = RecordingDelegate.swift; sourceTree = "<group>"; };
		CC55C62D228BD0B0002BF123 /* TextFormatter.swift */ = {isa = PBXFileReference; lastKnownFileType = sourcecode.swift; path = TextFormatter.swift; sourceTree = "<group>"; };
		CC55C62F228BFBB0002BF123 /* Constants.swift */ = {isa = PBXFileReference; lastKnownFileType = sourcecode.swift; path = Constants.swift; sourceTree = "<group>"; };
		CC55C631228C79D4002BF123 /* MultipleChoice.swift */ = {isa = PBXFileReference; lastKnownFileType = sourcecode.swift; path = MultipleChoice.swift; sourceTree = "<group>"; };
		CC588D12228C84B600665D00 /* RadioCircle.swift */ = {isa = PBXFileReference; lastKnownFileType = sourcecode.swift; path = RadioCircle.swift; sourceTree = "<group>"; };
		CC588D14228CB85C00665D00 /* RatingResponseDelegate.swift */ = {isa = PBXFileReference; lastKnownFileType = sourcecode.swift; path = RatingResponseDelegate.swift; sourceTree = "<group>"; };
		CC62604E22BAB78900499DFC /* EditableTextCell.swift */ = {isa = PBXFileReference; fileEncoding = 4; lastKnownFileType = sourcecode.swift; path = EditableTextCell.swift; sourceTree = "<group>"; };
		CC90E803228A7CC40040F990 /* Recorder.swift */ = {isa = PBXFileReference; lastKnownFileType = sourcecode.swift; path = Recorder.swift; sourceTree = "<group>"; };
		CC90E805228A7CC70040F990 /* RecordButton.swift */ = {isa = PBXFileReference; lastKnownFileType = sourcecode.swift; path = RecordButton.swift; sourceTree = "<group>"; };
		CCC3812D228E1F24003864A5 /* SurveyResponseDelegate.swift */ = {isa = PBXFileReference; lastKnownFileType = sourcecode.swift; path = SurveyResponseDelegate.swift; sourceTree = "<group>"; };
		CCC3812F228E486E003864A5 /* SwiftyJSON.framework */ = {isa = PBXFileReference; explicitFileType = wrapper.framework; path = SwiftyJSON.framework; sourceTree = BUILT_PRODUCTS_DIR; };
		CCC824EB22BBE29B00FFD251 /* MultipleChoiceCell.swift */ = {isa = PBXFileReference; lastKnownFileType = sourcecode.swift; path = MultipleChoiceCell.swift; sourceTree = "<group>"; };
		CCC824EF22BC080000FFD251 /* RatingSliderCell.swift */ = {isa = PBXFileReference; lastKnownFileType = sourcecode.swift; path = RatingSliderCell.swift; sourceTree = "<group>"; };
		CCE1E68A2286771D0011D142 /* SurveyViewController.swift */ = {isa = PBXFileReference; lastKnownFileType = sourcecode.swift; path = SurveyViewController.swift; sourceTree = "<group>"; };
		CCE1E69122867BB70011D142 /* SurveyNavigationController.swift */ = {isa = PBXFileReference; lastKnownFileType = sourcecode.swift; path = SurveyNavigationController.swift; sourceTree = "<group>"; };
		CCFAC9AB228D343500F92CB4 /* AudioResponseCellTableViewCell.swift */ = {isa = PBXFileReference; lastKnownFileType = sourcecode.swift; path = AudioResponseCellTableViewCell.swift; sourceTree = "<group>"; };
/* End PBXFileReference section */

/* Begin PBXFrameworksBuildPhase section */
		CC333B9B22854C7400B5D8C9 /* Frameworks */ = {
			isa = PBXFrameworksBuildPhase;
			buildActionMask = 2147483647;
			files = (
				CCC38130228E486E003864A5 /* SwiftyJSON.framework in Frameworks */,
				574FB97B3F483D76F4B281E5 /* Pods_SurveyLex.framework in Frameworks */,
			);
			runOnlyForDeploymentPostprocessing = 0;
		};
		CC333BA422854C7400B5D8C9 /* Frameworks */ = {
			isa = PBXFrameworksBuildPhase;
			buildActionMask = 2147483647;
			files = (
				CC333BA822854C7400B5D8C9 /* SurveyLex.framework in Frameworks */,
				454CB171A24EF71993E18BFA /* Pods_SurveyLexTests.framework in Frameworks */,
			);
			runOnlyForDeploymentPostprocessing = 0;
		};
/* End PBXFrameworksBuildPhase section */

/* Begin PBXGroup section */
		56F0DA54ACDD74A7C18D1704 /* Pods */ = {
			isa = PBXGroup;
			children = (
				538E653F372C3A5753CBABA5 /* Pods-SurveyLex.debug.xcconfig */,
				B2FD99A7CC1792DBA5F99176 /* Pods-SurveyLex.release.xcconfig */,
				A42C5F253CF2553EF18104D4 /* Pods-SurveyLexTests.debug.xcconfig */,
				38F9876B93254F59554E1694 /* Pods-SurveyLexTests.release.xcconfig */,
			);
			name = Pods;
			sourceTree = "<group>";
		};
		CC333B9422854C7400B5D8C9 = {
			isa = PBXGroup;
			children = (
				CC333BA022854C7400B5D8C9 /* SurveyLex */,
				CC333BAB22854C7400B5D8C9 /* SurveyLexTests */,
				CC333B9F22854C7400B5D8C9 /* Products */,
				CCE1E681228659740011D142 /* Frameworks */,
				56F0DA54ACDD74A7C18D1704 /* Pods */,
			);
			sourceTree = "<group>";
		};
		CC333B9F22854C7400B5D8C9 /* Products */ = {
			isa = PBXGroup;
			children = (
				CC333B9E22854C7400B5D8C9 /* SurveyLex.framework */,
				CC333BA722854C7400B5D8C9 /* SurveyLexTests.xctest */,
			);
			name = Products;
			sourceTree = "<group>";
		};
		CC333BA022854C7400B5D8C9 /* SurveyLex */ = {
			isa = PBXGroup;
			children = (
				CC333BA122854C7400B5D8C9 /* SurveyLex.h */,
				CC333BA222854C7400B5D8C9 /* Info.plist */,
				CCE1E68C228677240011D142 /* Interfaces */,
				CC333BC822854FA300B5D8C9 /* Data Types */,
				CC333BCB2285F26700B5D8C9 /* Elements */,
			);
			path = SurveyLex;
			sourceTree = "<group>";
		};
		CC333BAB22854C7400B5D8C9 /* SurveyLexTests */ = {
			isa = PBXGroup;
			children = (
				CC333BAC22854C7400B5D8C9 /* QuestionElementsTest.swift */,
				CC333BE5228615D300B5D8C9 /* SurveyDataTests.swift */,
				CC333BAE22854C7400B5D8C9 /* Info.plist */,
			);
			path = SurveyLexTests;
			sourceTree = "<group>";
		};
		CC333BC822854FA300B5D8C9 /* Data Types */ = {
			isa = PBXGroup;
			children = (
				CC333BEE22864D6000B5D8C9 /* Survey.swift */,
				CCC3812D228E1F24003864A5 /* SurveyResponseDelegate.swift */,
				CC333BB822854CCC00B5D8C9 /* SurveyData.swift */,
				CC333BC222854DB900B5D8C9 /* Fragment.swift */,
				CC527EA722BF2231002FC179 /* SurveyElementCell.swift */,
			);
			path = "Data Types";
			sourceTree = "<group>";
		};
		CC333BCB2285F26700B5D8C9 /* Elements */ = {
			isa = PBXGroup;
			children = (
				CC333BC022854D6F00B5D8C9 /* Question.swift */,
				CC64525022BF210300FBEF58 /* Text */,
				CC62604E22BAB78900499DFC /* EditableTextCell.swift */,
				CC90E809228A84380040F990 /* Audio */,
				CCC4A22A22BBC61D00757913 /* Rating */,
				CC588D0F228C7AAF00665D00 /* Radio group */,
				CC527EA922BF2A72002FC179 /* Consent */,
				CC55C62D228BD0B0002BF123 /* TextFormatter.swift */,
				CC55C62F228BFBB0002BF123 /* Constants.swift */,
			);
			name = Elements;
			path = "Data Types/Elements";
			sourceTree = "<group>";
		};
		CC527EA922BF2A72002FC179 /* Consent */ = {
			isa = PBXGroup;
			children = (
				CC333BCE2286020100B5D8C9 /* Consent.swift */,
				CC527EAA22BF2A99002FC179 /* ConsentCell.swift */,
			);
			path = Consent;
			sourceTree = "<group>";
		};
		CC588D0F228C7AAF00665D00 /* Radio group */ = {
			isa = PBXGroup;
			children = (
				CC333BBE22854D6200B5D8C9 /* RadioGroup.swift */,
				CC527EAC22BFC4CB002FC179 /* RadioGroupCell.swift */,
				CC55C631228C79D4002BF123 /* MultipleChoice.swift */,
				CCC824EB22BBE29B00FFD251 /* MultipleChoiceCell.swift */,
				CC588D12228C84B600665D00 /* RadioCircle.swift */,
				CC588D14228CB85C00665D00 /* RatingResponseDelegate.swift */,
			);
			path = "Radio group";
			sourceTree = "<group>";
		};
		CC64525022BF210300FBEF58 /* Text */ = {
			isa = PBXGroup;
			children = (
				CC333BC92285505000B5D8C9 /* Text.swift */,
				CC527EA522BF2164002FC179 /* TextCell.swift */,
			);
			path = Text;
			sourceTree = "<group>";
		};
		CC90E809228A84380040F990 /* Audio */ = {
			isa = PBXGroup;
			children = (
				CC333BD0228608D000B5D8C9 /* Audio.swift */,
				CCFAC9AB228D343500F92CB4 /* AudioResponseCellTableViewCell.swift */,
				CC90E803228A7CC40040F990 /* Recorder.swift */,
				CC90E805228A7CC70040F990 /* RecordButton.swift */,
				CC55C62B228B4B71002BF123 /* RecordingDelegate.swift */,
			);
			path = Audio;
			sourceTree = "<group>";
		};
		CCC4A22A22BBC61D00757913 /* Rating */ = {
			isa = PBXGroup;
			children = (
				CC333BCC2285F34500B5D8C9 /* Rating.swift */,
				CCC824EF22BC080000FFD251 /* RatingSliderCell.swift */,
			);
			path = Rating;
			sourceTree = "<group>";
		};
		CCE1E681228659740011D142 /* Frameworks */ = {
			isa = PBXGroup;
			children = (
				CCC3812F228E486E003864A5 /* SwiftyJSON.framework */,
				578DB5898550851207D6EA80 /* Pods_SurveyLex.framework */,
				39C87D2EF893B02158465308 /* Pods_SurveyLexTests.framework */,
			);
			name = Frameworks;
			sourceTree = "<group>";
		};
		CCE1E68C228677240011D142 /* Interfaces */ = {
			isa = PBXGroup;
			children = (
				CCE1E68A2286771D0011D142 /* SurveyViewController.swift */,
				CCE1E69122867BB70011D142 /* SurveyNavigationController.swift */,
				CC31C96A228A1670009C0E44 /* FragmentTableController.swift */,
			);
			path = Interfaces;
			sourceTree = "<group>";
		};
/* End PBXGroup section */

/* Begin PBXHeadersBuildPhase section */
		CC333B9922854C7400B5D8C9 /* Headers */ = {
			isa = PBXHeadersBuildPhase;
			buildActionMask = 2147483647;
			files = (
				CC333BAF22854C7400B5D8C9 /* SurveyLex.h in Headers */,
			);
			runOnlyForDeploymentPostprocessing = 0;
		};
/* End PBXHeadersBuildPhase section */

/* Begin PBXNativeTarget section */
		CC333B9D22854C7400B5D8C9 /* SurveyLex */ = {
			isa = PBXNativeTarget;
			buildConfigurationList = CC333BB222854C7400B5D8C9 /* Build configuration list for PBXNativeTarget "SurveyLex" */;
			buildPhases = (
				E86947A699910D24B2E82E0B /* [CP] Check Pods Manifest.lock */,
				CC333B9922854C7400B5D8C9 /* Headers */,
				CC333B9A22854C7400B5D8C9 /* Sources */,
				CC333B9B22854C7400B5D8C9 /* Frameworks */,
				CC333B9C22854C7400B5D8C9 /* Resources */,
			);
			buildRules = (
			);
			dependencies = (
			);
			name = SurveyLex;
			productName = SurveyLex;
			productReference = CC333B9E22854C7400B5D8C9 /* SurveyLex.framework */;
			productType = "com.apple.product-type.framework";
		};
		CC333BA622854C7400B5D8C9 /* SurveyLexTests */ = {
			isa = PBXNativeTarget;
			buildConfigurationList = CC333BB522854C7400B5D8C9 /* Build configuration list for PBXNativeTarget "SurveyLexTests" */;
			buildPhases = (
				82A2F466BB4CB3E7F88BFFD9 /* [CP] Check Pods Manifest.lock */,
				CC333BA322854C7400B5D8C9 /* Sources */,
				CC333BA422854C7400B5D8C9 /* Frameworks */,
				CC333BA522854C7400B5D8C9 /* Resources */,
				605B1E59547236AFF386BA9E /* [CP] Embed Pods Frameworks */,
			);
			buildRules = (
			);
			dependencies = (
				CC333BAA22854C7400B5D8C9 /* PBXTargetDependency */,
			);
			name = SurveyLexTests;
			productName = SurveyLexTests;
			productReference = CC333BA722854C7400B5D8C9 /* SurveyLexTests.xctest */;
			productType = "com.apple.product-type.bundle.unit-test";
		};
/* End PBXNativeTarget section */

/* Begin PBXProject section */
		CC333B9522854C7400B5D8C9 /* Project object */ = {
			isa = PBXProject;
			attributes = {
				LastSwiftUpdateCheck = 1020;
				LastUpgradeCheck = 1020;
				ORGANIZATIONNAME = "UC Berkeley";
				TargetAttributes = {
					CC333B9D22854C7400B5D8C9 = {
						CreatedOnToolsVersion = 10.2.1;
						LastSwiftMigration = 1020;
					};
					CC333BA622854C7400B5D8C9 = {
						CreatedOnToolsVersion = 10.2.1;
					};
				};
			};
			buildConfigurationList = CC333B9822854C7400B5D8C9 /* Build configuration list for PBXProject "SurveyLex" */;
			compatibilityVersion = "Xcode 9.3";
			developmentRegion = en;
			hasScannedForEncodings = 0;
			knownRegions = (
				en,
			);
			mainGroup = CC333B9422854C7400B5D8C9;
			productRefGroup = CC333B9F22854C7400B5D8C9 /* Products */;
			projectDirPath = "";
			projectRoot = "";
			targets = (
				CC333B9D22854C7400B5D8C9 /* SurveyLex */,
				CC333BA622854C7400B5D8C9 /* SurveyLexTests */,
			);
		};
/* End PBXProject section */

/* Begin PBXResourcesBuildPhase section */
		CC333B9C22854C7400B5D8C9 /* Resources */ = {
			isa = PBXResourcesBuildPhase;
			buildActionMask = 2147483647;
			files = (
			);
			runOnlyForDeploymentPostprocessing = 0;
		};
		CC333BA522854C7400B5D8C9 /* Resources */ = {
			isa = PBXResourcesBuildPhase;
			buildActionMask = 2147483647;
			files = (
			);
			runOnlyForDeploymentPostprocessing = 0;
		};
/* End PBXResourcesBuildPhase section */

/* Begin PBXShellScriptBuildPhase section */
		605B1E59547236AFF386BA9E /* [CP] Embed Pods Frameworks */ = {
			isa = PBXShellScriptBuildPhase;
			buildActionMask = 2147483647;
			files = (
			);
			inputFileListPaths = (
			);
			inputPaths = (
				"${SRCROOT}/../Pods/Target Support Files/Pods-SurveyLexTests/Pods-SurveyLexTests-frameworks.sh",
				"${BUILT_PRODUCTS_DIR}/SwiftyJSON-iOS11/SwiftyJSON.framework",
			);
			name = "[CP] Embed Pods Frameworks";
			outputFileListPaths = (
			);
			outputPaths = (
				"${TARGET_BUILD_DIR}/${FRAMEWORKS_FOLDER_PATH}/SwiftyJSON.framework",
			);
			runOnlyForDeploymentPostprocessing = 0;
			shellPath = /bin/sh;
			shellScript = "\"${SRCROOT}/../Pods/Target Support Files/Pods-SurveyLexTests/Pods-SurveyLexTests-frameworks.sh\"\n";
			showEnvVarsInLog = 0;
		};
		82A2F466BB4CB3E7F88BFFD9 /* [CP] Check Pods Manifest.lock */ = {
			isa = PBXShellScriptBuildPhase;
			buildActionMask = 2147483647;
			files = (
			);
			inputFileListPaths = (
			);
			inputPaths = (
				"${PODS_PODFILE_DIR_PATH}/Podfile.lock",
				"${PODS_ROOT}/Manifest.lock",
			);
			name = "[CP] Check Pods Manifest.lock";
			outputFileListPaths = (
			);
			outputPaths = (
				"$(DERIVED_FILE_DIR)/Pods-SurveyLexTests-checkManifestLockResult.txt",
			);
			runOnlyForDeploymentPostprocessing = 0;
			shellPath = /bin/sh;
			shellScript = "diff \"${PODS_PODFILE_DIR_PATH}/Podfile.lock\" \"${PODS_ROOT}/Manifest.lock\" > /dev/null\nif [ $? != 0 ] ; then\n    # print error to STDERR\n    echo \"error: The sandbox is not in sync with the Podfile.lock. Run 'pod install' or update your CocoaPods installation.\" >&2\n    exit 1\nfi\n# This output is used by Xcode 'outputs' to avoid re-running this script phase.\necho \"SUCCESS\" > \"${SCRIPT_OUTPUT_FILE_0}\"\n";
			showEnvVarsInLog = 0;
		};
		E86947A699910D24B2E82E0B /* [CP] Check Pods Manifest.lock */ = {
			isa = PBXShellScriptBuildPhase;
			buildActionMask = 2147483647;
			files = (
			);
			inputFileListPaths = (
			);
			inputPaths = (
				"${PODS_PODFILE_DIR_PATH}/Podfile.lock",
				"${PODS_ROOT}/Manifest.lock",
			);
			name = "[CP] Check Pods Manifest.lock";
			outputFileListPaths = (
			);
			outputPaths = (
				"$(DERIVED_FILE_DIR)/Pods-SurveyLex-checkManifestLockResult.txt",
			);
			runOnlyForDeploymentPostprocessing = 0;
			shellPath = /bin/sh;
			shellScript = "diff \"${PODS_PODFILE_DIR_PATH}/Podfile.lock\" \"${PODS_ROOT}/Manifest.lock\" > /dev/null\nif [ $? != 0 ] ; then\n    # print error to STDERR\n    echo \"error: The sandbox is not in sync with the Podfile.lock. Run 'pod install' or update your CocoaPods installation.\" >&2\n    exit 1\nfi\n# This output is used by Xcode 'outputs' to avoid re-running this script phase.\necho \"SUCCESS\" > \"${SCRIPT_OUTPUT_FILE_0}\"\n";
			showEnvVarsInLog = 0;
		};
/* End PBXShellScriptBuildPhase section */

/* Begin PBXSourcesBuildPhase section */
		CC333B9A22854C7400B5D8C9 /* Sources */ = {
			isa = PBXSourcesBuildPhase;
			buildActionMask = 2147483647;
			files = (
				CC333BEF22864D6000B5D8C9 /* Survey.swift in Sources */,
				CC55C630228BFBB0002BF123 /* Constants.swift in Sources */,
				CC333BD1228608D000B5D8C9 /* Audio.swift in Sources */,
				CC55C62C228B4B71002BF123 /* RecordingDelegate.swift in Sources */,
				CC90E804228A7CC40040F990 /* Recorder.swift in Sources */,
				CC588D15228CB85C00665D00 /* RatingResponseDelegate.swift in Sources */,
				CCC3812E228E1F24003864A5 /* SurveyResponseDelegate.swift in Sources */,
				CC55C632228C79D4002BF123 /* MultipleChoice.swift in Sources */,
				CC62604F22BAB78900499DFC /* EditableTextCell.swift in Sources */,
				CC333BCD2285F34500B5D8C9 /* Rating.swift in Sources */,
				CCC824F022BC080000FFD251 /* RatingSliderCell.swift in Sources */,
				CCE1E69222867BB70011D142 /* SurveyNavigationController.swift in Sources */,
				CC333BC122854D6F00B5D8C9 /* Question.swift in Sources */,
				CC55C62E228BD0B0002BF123 /* TextFormatter.swift in Sources */,
				CCE1E68B2286771D0011D142 /* SurveyViewController.swift in Sources */,
				CC333BCF2286020100B5D8C9 /* Consent.swift in Sources */,
				CC333BCA2285505000B5D8C9 /* Text.swift in Sources */,
				CCFAC9AC228D343500F92CB4 /* AudioResponseCellTableViewCell.swift in Sources */,
				CC527EAD22BFC4CB002FC179 /* RadioGroupCell.swift in Sources */,
				CC527EAB22BF2A99002FC179 /* ConsentCell.swift in Sources */,
				CC527EA822BF2231002FC179 /* SurveyElementCell.swift in Sources */,
				CC333BC322854DB900B5D8C9 /* Fragment.swift in Sources */,
				CC90E806228A7CC70040F990 /* RecordButton.swift in Sources */,
				CC527EA622BF2164002FC179 /* TextCell.swift in Sources */,
				CC333BB922854CCC00B5D8C9 /* SurveyData.swift in Sources */,
				CC588D13228C84B600665D00 /* RadioCircle.swift in Sources */,
				CC31C96B228A1670009C0E44 /* FragmentTableController.swift in Sources */,
				CCC824EC22BBE29B00FFD251 /* MultipleChoiceCell.swift in Sources */,
				CC333BBF22854D6200B5D8C9 /* RadioGroup.swift in Sources */,
			);
			runOnlyForDeploymentPostprocessing = 0;
		};
		CC333BA322854C7400B5D8C9 /* Sources */ = {
			isa = PBXSourcesBuildPhase;
			buildActionMask = 2147483647;
			files = (
				CCC38132228E48B2003864A5 /* QuestionElementsTest.swift in Sources */,
				CC333BE6228615D300B5D8C9 /* SurveyDataTests.swift in Sources */,
			);
			runOnlyForDeploymentPostprocessing = 0;
		};
/* End PBXSourcesBuildPhase section */

/* Begin PBXTargetDependency section */
		CC333BAA22854C7400B5D8C9 /* PBXTargetDependency */ = {
			isa = PBXTargetDependency;
			target = CC333B9D22854C7400B5D8C9 /* SurveyLex */;
			targetProxy = CC333BA922854C7400B5D8C9 /* PBXContainerItemProxy */;
		};
/* End PBXTargetDependency section */

/* Begin XCBuildConfiguration section */
		CC333BB022854C7400B5D8C9 /* Debug */ = {
			isa = XCBuildConfiguration;
			buildSettings = {
				ALWAYS_SEARCH_USER_PATHS = NO;
				CLANG_ANALYZER_NONNULL = YES;
				CLANG_ANALYZER_NUMBER_OBJECT_CONVERSION = YES_AGGRESSIVE;
				CLANG_CXX_LANGUAGE_STANDARD = "gnu++14";
				CLANG_CXX_LIBRARY = "libc++";
				CLANG_ENABLE_MODULES = YES;
				CLANG_ENABLE_OBJC_ARC = YES;
				CLANG_ENABLE_OBJC_WEAK = YES;
				CLANG_WARN_BLOCK_CAPTURE_AUTORELEASING = YES;
				CLANG_WARN_BOOL_CONVERSION = YES;
				CLANG_WARN_COMMA = YES;
				CLANG_WARN_CONSTANT_CONVERSION = YES;
				CLANG_WARN_DEPRECATED_OBJC_IMPLEMENTATIONS = YES;
				CLANG_WARN_DIRECT_OBJC_ISA_USAGE = YES_ERROR;
				CLANG_WARN_DOCUMENTATION_COMMENTS = YES;
				CLANG_WARN_EMPTY_BODY = YES;
				CLANG_WARN_ENUM_CONVERSION = YES;
				CLANG_WARN_INFINITE_RECURSION = YES;
				CLANG_WARN_INT_CONVERSION = YES;
				CLANG_WARN_NON_LITERAL_NULL_CONVERSION = YES;
				CLANG_WARN_OBJC_IMPLICIT_RETAIN_SELF = YES;
				CLANG_WARN_OBJC_LITERAL_CONVERSION = YES;
				CLANG_WARN_OBJC_ROOT_CLASS = YES_ERROR;
				CLANG_WARN_RANGE_LOOP_ANALYSIS = YES;
				CLANG_WARN_STRICT_PROTOTYPES = YES;
				CLANG_WARN_SUSPICIOUS_MOVE = YES;
				CLANG_WARN_UNGUARDED_AVAILABILITY = YES_AGGRESSIVE;
				CLANG_WARN_UNREACHABLE_CODE = YES;
				CLANG_WARN__DUPLICATE_METHOD_MATCH = YES;
				CODE_SIGN_IDENTITY = "iPhone Developer";
				COPY_PHASE_STRIP = NO;
				CURRENT_PROJECT_VERSION = 1;
				DEBUG_INFORMATION_FORMAT = dwarf;
				ENABLE_STRICT_OBJC_MSGSEND = YES;
				ENABLE_TESTABILITY = YES;
				GCC_C_LANGUAGE_STANDARD = gnu11;
				GCC_DYNAMIC_NO_PIC = NO;
				GCC_NO_COMMON_BLOCKS = YES;
				GCC_OPTIMIZATION_LEVEL = 0;
				GCC_PREPROCESSOR_DEFINITIONS = (
					"DEBUG=1",
					"$(inherited)",
				);
				GCC_WARN_64_TO_32_BIT_CONVERSION = YES;
				GCC_WARN_ABOUT_RETURN_TYPE = YES_ERROR;
				GCC_WARN_UNDECLARED_SELECTOR = YES;
				GCC_WARN_UNINITIALIZED_AUTOS = YES_AGGRESSIVE;
				GCC_WARN_UNUSED_FUNCTION = YES;
				GCC_WARN_UNUSED_VARIABLE = YES;
				IPHONEOS_DEPLOYMENT_TARGET = 11;
				MTL_ENABLE_DEBUG_INFO = INCLUDE_SOURCE;
				MTL_FAST_MATH = YES;
				ONLY_ACTIVE_ARCH = YES;
				SDKROOT = iphoneos;
				SWIFT_ACTIVE_COMPILATION_CONDITIONS = DEBUG;
				SWIFT_OPTIMIZATION_LEVEL = "-Onone";
				VERSIONING_SYSTEM = "apple-generic";
				VERSION_INFO_PREFIX = "";
			};
			name = Debug;
		};
		CC333BB122854C7400B5D8C9 /* Release */ = {
			isa = XCBuildConfiguration;
			buildSettings = {
				ALWAYS_SEARCH_USER_PATHS = NO;
				CLANG_ANALYZER_NONNULL = YES;
				CLANG_ANALYZER_NUMBER_OBJECT_CONVERSION = YES_AGGRESSIVE;
				CLANG_CXX_LANGUAGE_STANDARD = "gnu++14";
				CLANG_CXX_LIBRARY = "libc++";
				CLANG_ENABLE_MODULES = YES;
				CLANG_ENABLE_OBJC_ARC = YES;
				CLANG_ENABLE_OBJC_WEAK = YES;
				CLANG_WARN_BLOCK_CAPTURE_AUTORELEASING = YES;
				CLANG_WARN_BOOL_CONVERSION = YES;
				CLANG_WARN_COMMA = YES;
				CLANG_WARN_CONSTANT_CONVERSION = YES;
				CLANG_WARN_DEPRECATED_OBJC_IMPLEMENTATIONS = YES;
				CLANG_WARN_DIRECT_OBJC_ISA_USAGE = YES_ERROR;
				CLANG_WARN_DOCUMENTATION_COMMENTS = YES;
				CLANG_WARN_EMPTY_BODY = YES;
				CLANG_WARN_ENUM_CONVERSION = YES;
				CLANG_WARN_INFINITE_RECURSION = YES;
				CLANG_WARN_INT_CONVERSION = YES;
				CLANG_WARN_NON_LITERAL_NULL_CONVERSION = YES;
				CLANG_WARN_OBJC_IMPLICIT_RETAIN_SELF = YES;
				CLANG_WARN_OBJC_LITERAL_CONVERSION = YES;
				CLANG_WARN_OBJC_ROOT_CLASS = YES_ERROR;
				CLANG_WARN_RANGE_LOOP_ANALYSIS = YES;
				CLANG_WARN_STRICT_PROTOTYPES = YES;
				CLANG_WARN_SUSPICIOUS_MOVE = YES;
				CLANG_WARN_UNGUARDED_AVAILABILITY = YES_AGGRESSIVE;
				CLANG_WARN_UNREACHABLE_CODE = YES;
				CLANG_WARN__DUPLICATE_METHOD_MATCH = YES;
				CODE_SIGN_IDENTITY = "iPhone Developer";
				COPY_PHASE_STRIP = NO;
				CURRENT_PROJECT_VERSION = 1;
				DEBUG_INFORMATION_FORMAT = "dwarf-with-dsym";
				ENABLE_NS_ASSERTIONS = NO;
				ENABLE_STRICT_OBJC_MSGSEND = YES;
				GCC_C_LANGUAGE_STANDARD = gnu11;
				GCC_NO_COMMON_BLOCKS = YES;
				GCC_WARN_64_TO_32_BIT_CONVERSION = YES;
				GCC_WARN_ABOUT_RETURN_TYPE = YES_ERROR;
				GCC_WARN_UNDECLARED_SELECTOR = YES;
				GCC_WARN_UNINITIALIZED_AUTOS = YES_AGGRESSIVE;
				GCC_WARN_UNUSED_FUNCTION = YES;
				GCC_WARN_UNUSED_VARIABLE = YES;
				IPHONEOS_DEPLOYMENT_TARGET = 11;
				MTL_ENABLE_DEBUG_INFO = NO;
				MTL_FAST_MATH = YES;
				SDKROOT = iphoneos;
				SWIFT_COMPILATION_MODE = wholemodule;
				SWIFT_OPTIMIZATION_LEVEL = "-O";
				VALIDATE_PRODUCT = YES;
				VERSIONING_SYSTEM = "apple-generic";
				VERSION_INFO_PREFIX = "";
			};
			name = Release;
		};
		CC333BB322854C7400B5D8C9 /* Debug */ = {
			isa = XCBuildConfiguration;
			baseConfigurationReference = 538E653F372C3A5753CBABA5 /* Pods-SurveyLex.debug.xcconfig */;
			buildSettings = {
				CLANG_ENABLE_MODULES = YES;
				CODE_SIGN_IDENTITY = "";
				CODE_SIGN_STYLE = Automatic;
				DEFINES_MODULE = YES;
				DEVELOPMENT_TEAM = GR353CPP2V;
				DYLIB_COMPATIBILITY_VERSION = 1;
				DYLIB_CURRENT_VERSION = 1;
				DYLIB_INSTALL_NAME_BASE = "@rpath";
				INFOPLIST_FILE = SurveyLex/Info.plist;
				INSTALL_PATH = "$(LOCAL_LIBRARY_DIR)/Frameworks";
				LD_RUNPATH_SEARCH_PATHS = (
					"$(inherited)",
					"@executable_path/Frameworks",
					"@loader_path/Frameworks",
				);
				PRODUCT_BUNDLE_IDENTIFIER = com.themoon2000.SurveyLex;
				PRODUCT_NAME = "$(TARGET_NAME:c99extidentifier)";
				SKIP_INSTALL = YES;
				SWIFT_OPTIMIZATION_LEVEL = "-Onone";
				SWIFT_VERSION = 5.0;
				TARGETED_DEVICE_FAMILY = "1,2";
			};
			name = Debug;
		};
		CC333BB422854C7400B5D8C9 /* Release */ = {
			isa = XCBuildConfiguration;
			baseConfigurationReference = B2FD99A7CC1792DBA5F99176 /* Pods-SurveyLex.release.xcconfig */;
			buildSettings = {
				CLANG_ENABLE_MODULES = YES;
				CODE_SIGN_IDENTITY = "";
				CODE_SIGN_STYLE = Automatic;
				DEFINES_MODULE = YES;
				DEVELOPMENT_TEAM = GR353CPP2V;
				DYLIB_COMPATIBILITY_VERSION = 1;
				DYLIB_CURRENT_VERSION = 1;
				DYLIB_INSTALL_NAME_BASE = "@rpath";
				INFOPLIST_FILE = SurveyLex/Info.plist;
				INSTALL_PATH = "$(LOCAL_LIBRARY_DIR)/Frameworks";
				LD_RUNPATH_SEARCH_PATHS = (
					"$(inherited)",
					"@executable_path/Frameworks",
					"@loader_path/Frameworks",
				);
				PRODUCT_BUNDLE_IDENTIFIER = com.themoon2000.SurveyLex;
				PRODUCT_NAME = "$(TARGET_NAME:c99extidentifier)";
				SKIP_INSTALL = YES;
				SWIFT_VERSION = 5.0;
				TARGETED_DEVICE_FAMILY = "1,2";
			};
			name = Release;
		};
		CC333BB622854C7400B5D8C9 /* Debug */ = {
			isa = XCBuildConfiguration;
			baseConfigurationReference = A42C5F253CF2553EF18104D4 /* Pods-SurveyLexTests.debug.xcconfig */;
			buildSettings = {
				ALWAYS_EMBED_SWIFT_STANDARD_LIBRARIES = YES;
				CODE_SIGN_STYLE = Automatic;
				DEVELOPMENT_TEAM = GR353CPP2V;
				INFOPLIST_FILE = SurveyLexTests/Info.plist;
				LD_RUNPATH_SEARCH_PATHS = (
					"$(inherited)",
					"@executable_path/Frameworks",
					"@loader_path/Frameworks",
				);
				PRODUCT_BUNDLE_IDENTIFIER = com.themoon2000.SurveyLexTests;
				PRODUCT_NAME = "$(TARGET_NAME)";
				SWIFT_VERSION = 5.0;
				TARGETED_DEVICE_FAMILY = "1,2";
			};
			name = Debug;
		};
		CC333BB722854C7400B5D8C9 /* Release */ = {
			isa = XCBuildConfiguration;
			baseConfigurationReference = 38F9876B93254F59554E1694 /* Pods-SurveyLexTests.release.xcconfig */;
			buildSettings = {
				ALWAYS_EMBED_SWIFT_STANDARD_LIBRARIES = YES;
				CODE_SIGN_STYLE = Automatic;
				DEVELOPMENT_TEAM = GR353CPP2V;
				INFOPLIST_FILE = SurveyLexTests/Info.plist;
				LD_RUNPATH_SEARCH_PATHS = (
					"$(inherited)",
					"@executable_path/Frameworks",
					"@loader_path/Frameworks",
				);
				PRODUCT_BUNDLE_IDENTIFIER = com.themoon2000.SurveyLexTests;
				PRODUCT_NAME = "$(TARGET_NAME)";
				SWIFT_VERSION = 5.0;
				TARGETED_DEVICE_FAMILY = "1,2";
			};
			name = Release;
		};
/* End XCBuildConfiguration section */

/* Begin XCConfigurationList section */
		CC333B9822854C7400B5D8C9 /* Build configuration list for PBXProject "SurveyLex" */ = {
			isa = XCConfigurationList;
			buildConfigurations = (
				CC333BB022854C7400B5D8C9 /* Debug */,
				CC333BB122854C7400B5D8C9 /* Release */,
			);
			defaultConfigurationIsVisible = 0;
			defaultConfigurationName = Release;
		};
		CC333BB222854C7400B5D8C9 /* Build configuration list for PBXNativeTarget "SurveyLex" */ = {
			isa = XCConfigurationList;
			buildConfigurations = (
				CC333BB322854C7400B5D8C9 /* Debug */,
				CC333BB422854C7400B5D8C9 /* Release */,
			);
			defaultConfigurationIsVisible = 0;
			defaultConfigurationName = Release;
		};
		CC333BB522854C7400B5D8C9 /* Build configuration list for PBXNativeTarget "SurveyLexTests" */ = {
			isa = XCConfigurationList;
			buildConfigurations = (
				CC333BB622854C7400B5D8C9 /* Debug */,
				CC333BB722854C7400B5D8C9 /* Release */,
			);
			defaultConfigurationIsVisible = 0;
			defaultConfigurationName = Release;
		};
/* End XCConfigurationList section */
	};
	rootObject = CC333B9522854C7400B5D8C9 /* Project object */;
}
